
Microsoft Visual Studio Solution File, Format Version 12.00
# Visual Studio Version 16
VisualStudioVersion = 16.0.30717.126
MinimumVisualStudioVersion = 10.0.40219.1
Project("{FAE04EC0-301F-11D3-BF4B-00C04F79EFBC}") = "Chess20", "Chess20.csproj", "{1DA8E34D-46BC-4164-A835-802755FD9ACC}"
EndProject
Global
	GlobalSection(SolutionConfigurationPlatforms) = preSolution
		Debug|Any CPU = Debug|Any CPU
		Release|Any CPU = Release|Any CPU
	EndGlobalSection
	GlobalSection(ProjectConfigurationPlatforms) = postSolution
		{1DA8E34D-46BC-4164-A835-802755FD9ACC}.Debug|Any CPU.ActiveCfg = Debug|Any CPU
		{1DA8E34D-46BC-4164-A835-802755FD9ACC}.Debug|Any CPU.Build.0 = Debug|Any CPU
		{1DA8E34D-46BC-4164-A835-802755FD9ACC}.Release|Any CPU.ActiveCfg = Release|Any CPU
		{1DA8E34D-46BC-4164-A835-802755FD9ACC}.Release|Any CPU.Build.0 = Release|Any CPU
	EndGlobalSection
	GlobalSection(SolutionProperties) = preSolution
		HideSolutionNode = FALSE
	EndGlobalSection
	GlobalSection(ExtensibilityGlobals) = postSolution
		SolutionGuid = {14FB1A9A-61EF-46A1-9D50-EBF4511AFBA4}
	EndGlobalSection
EndGlobal
